
Microsoft Visual Studio Solution File, Format Version 12.00
# Visual Studio Version 17
VisualStudioVersion = 17.5.002.0
MinimumVisualStudioVersion = 10.0.40219.1
Project("{9A19103F-16F7-4668-BE54-9A1E7A4F7556}") = "aoc", "./aoc.csproj", "{14921627-22A1-4A2F-80E6-E0CF1A34688A}"
EndProject
Global
	GlobalSection(SolutionConfigurationPlatforms) = preSolution
		Debug|Any CPU = Debug|Any CPU
		Release|Any CPU = Release|Any CPU
	EndGlobalSection
	GlobalSection(ProjectConfigurationPlatforms) = postSolution
		{14921627-22A1-4A2F-80E6-E0CF1A34688A}.Debug|Any CPU.ActiveCfg = Debug|Any CPU
		{14921627-22A1-4A2F-80E6-E0CF1A34688A}.Debug|Any CPU.Build.0 = Debug|Any CPU
		{14921627-22A1-4A2F-80E6-E0CF1A34688A}.Release|Any CPU.ActiveCfg = Release|Any CPU
		{14921627-22A1-4A2F-80E6-E0CF1A34688A}.Release|Any CPU.Build.0 = Release|Any CPU
	EndGlobalSection
	GlobalSection(SolutionProperties) = preSolution
		HideSolutionNode = FALSE
	EndGlobalSection
	GlobalSection(ExtensibilityGlobals) = postSolution
		SolutionGuid = {7C874693-181A-45B4-B48A-8B7A56B8CA30}
	EndGlobalSection
EndGlobal
